
Microsoft Visual Studio Solution File, Format Version 12.00
# Visual Studio Version 17
VisualStudioVersion = 17.6.33815.320
MinimumVisualStudioVersion = 10.0.40219.1
Project("{FAE04EC0-301F-11D3-BF4B-00C04F79EFBC}") = "Core_Practical_16", "Core_Practical_16\Core_Practical_16.csproj", "{B5D6CABF-3EC8-4B5A-A674-0E3F7D00208C}"
EndProject
Global
	GlobalSection(SolutionConfigurationPlatforms) = preSolution
		Debug|Any CPU = Debug|Any CPU
		Release|Any CPU = Release|Any CPU
	EndGlobalSection
	GlobalSection(ProjectConfigurationPlatforms) = postSolution
		{B5D6CABF-3EC8-4B5A-A674-0E3F7D00208C}.Debug|Any CPU.ActiveCfg = Debug|Any CPU
		{B5D6CABF-3EC8-4B5A-A674-0E3F7D00208C}.Debug|Any CPU.Build.0 = Debug|Any CPU
		{B5D6CABF-3EC8-4B5A-A674-0E3F7D00208C}.Release|Any CPU.ActiveCfg = Release|Any CPU
		{B5D6CABF-3EC8-4B5A-A674-0E3F7D00208C}.Release|Any CPU.Build.0 = Release|Any CPU
	EndGlobalSection
	GlobalSection(SolutionProperties) = preSolution
		HideSolutionNode = FALSE
	EndGlobalSection
	GlobalSection(ExtensibilityGlobals) = postSolution
		SolutionGuid = {E2DE80E1-FA77-403C-AFFB-7F9C31A2ABD2}
	EndGlobalSection
EndGlobal
